# THIS IS AN AUTOGENERATED FILE. DO NOT EDIT THIS FILE DIRECTLY.
# yarn lockfile v1
inuit-defaults@~0.2.0:
  version "0.2.3"
  resolved "https://registry.yarnpkg.com/inuit-defaults/-/inuit-defaults-0.2.3.tgz#ca94c87763baded4d0c46f678852f82a574f5d00"

inuit-list-inline:
  version "0.2.2"
  resolved "https://registry.yarnpkg.com/inuit-list-inline/-/inuit-list-inline-0.2.2.tgz#1e635530c939f0e19bd6c2991813ea79fcd99de6"
  dependencies:
    inuit-defaults "~0.2.0"

inuitcss:
  version "6.0.0-beta.4"
  resolved "https://registry.yarnpkg.com/inuitcss/-/inuitcss-6.0.0-beta.4.tgz#34b8e3b11e2fd31dee5d0c695b052c907bdd9346"
  dependencies:
    sass-mq "^3.2.9"

sass-mq@^3.2.9:
  version "3.3.1"
  resolved "https://registry.yarnpkg.com/sass-mq/-/sass-mq-3.3.1.tgz#1199f5a43b549f5cbb67bc81f5f495ebf96250ce"

