# THIS IS AN AUTOGENERATED FILE. DO NOT EDIT THIS FILE DIRECTLY.
# yarn lockfile v1


abbrev@1:
  version "1.0.9"
  resolved "https://registry.yarnpkg.com/abbrev/-/abbrev-1.0.9.tgz#91b4792588a7738c25f35dd6f63752a2f8776135"

async@^1.5.1:
  version "1.5.2"
  resolved "https://registry.yarnpkg.com/async/-/async-1.5.2.tgz#ec6a61ae56480c0c3cb241c95618e20892f9672a"

async@~0.2.9:
  version "0.2.10"
  resolved "https://registry.yarnpkg.com/async/-/async-0.2.10.tgz#b6bbe0b0674b9d719708ca38de8c237cb526c3d1"

balanced-match@^0.4.1:
  version "0.4.2"
  resolved "https://registry.yarnpkg.com/balanced-match/-/balanced-match-0.4.2.tgz#cb3f3e3c732dc0f01ee70b403f302e61d7709838"

brace-expansion@^1.0.0:
  version "1.1.6"
  resolved "https://registry.yarnpkg.com/brace-expansion/-/brace-expansion-1.1.6.tgz#7197d7eaa9b87e648390ea61fc66c84427420df9"
  dependencies:
    balanced-match "^0.4.1"
    concat-map "0.0.1"

commander@^2.9.0:
  version "2.9.0"
  resolved "https://registry.yarnpkg.com/commander/-/commander-2.9.0.tgz#9c99094176e12240cb22d6c5146098400fe0f7d4"
  dependencies:
    graceful-readlink ">= 1.0.0"

concat-map@0.0.1:
  version "0.0.1"
  resolved "https://registry.yarnpkg.com/concat-map/-/concat-map-0.0.1.tgz#d8a96bd77fd68df7793a73036a3ba0d5405d477b"

duplexer@~0.1.1:
  version "0.1.1"
  resolved "https://registry.yarnpkg.com/duplexer/-/duplexer-0.1.1.tgz#ace6ff808c1ce66b57d1ebf97977acb02334cfc1"

event-stream@~3.0.14:
  version "3.0.20"
  resolved "https://registry.yarnpkg.com/event-stream/-/event-stream-3.0.20.tgz#038bbb2ea9ea90385b26fbc1854d0b539f2abea3"
  dependencies:
    duplexer "~0.1.1"
    from "~0"
    map-stream "~0.0.3"
    pause-stream "0.0.11"
    split "0.2"
    stream-combiner "~0.0.3"
    through "~2.3.1"

from@~0:
  version "0.1.3"
  resolved "https://registry.yarnpkg.com/from/-/from-0.1.3.tgz#ef63ac2062ac32acf7862e0d40b44b896f22f3bc"

ftpsync@^0.1.10:
  version "0.1.10"
  resolved "https://registry.yarnpkg.com/ftpsync/-/ftpsync-0.1.10.tgz#557fa1f04419a735f04da309757bccd61adc3383"
  dependencies:
    async "^1.5.1"
    commander "^2.9.0"
    jsftp "1.1.1"
    minimatch "^3.0.0"
    touch "^1.0.0"

"graceful-readlink@>= 1.0.0":
  version "1.0.1"
  resolved "https://registry.yarnpkg.com/graceful-readlink/-/graceful-readlink-1.0.1.tgz#4cafad76bc62f02fa039b2f94e9a3dd3a391a725"

inuit-defaults@~0.2.0:
  version "0.2.3"
  resolved "https://registry.yarnpkg.com/inuit-defaults/-/inuit-defaults-0.2.3.tgz#ca94c87763baded4d0c46f678852f82a574f5d00"

inuit-list-inline:
  version "0.2.2"
  resolved "https://registry.yarnpkg.com/inuit-list-inline/-/inuit-list-inline-0.2.2.tgz#1e635530c939f0e19bd6c2991813ea79fcd99de6"
  dependencies:
    inuit-defaults "~0.2.0"

inuitcss:
  version "6.0.0-beta.4"
  resolved "https://registry.yarnpkg.com/inuitcss/-/inuitcss-6.0.0-beta.4.tgz#34b8e3b11e2fd31dee5d0c695b052c907bdd9346"
  dependencies:
    sass-mq "^3.2.9"

jsftp@1.1.1:
  version "1.1.1"
  resolved "https://registry.yarnpkg.com/jsftp/-/jsftp-1.1.1.tgz#7cf50704705cba67b6c00d2cfe58dbd80a6f42b2"
  dependencies:
    async "~0.2.9"
    event-stream "~3.0.14"
    parse-listing "~1.0.0"

map-stream@~0.0.3:
  version "0.0.6"
  resolved "https://registry.yarnpkg.com/map-stream/-/map-stream-0.0.6.tgz#d2ef4eb811a28644c7a8989985c69c2fdd496827"

minimatch@^3.0.0:
  version "3.0.3"
  resolved "https://registry.yarnpkg.com/minimatch/-/minimatch-3.0.3.tgz#2a4e4090b96b2db06a9d7df01055a62a77c9b774"
  dependencies:
    brace-expansion "^1.0.0"

nopt@~1.0.10:
  version "1.0.10"
  resolved "https://registry.yarnpkg.com/nopt/-/nopt-1.0.10.tgz#6ddd21bd2a31417b92727dd585f8a6f37608ebee"
  dependencies:
    abbrev "1"

parse-listing@~1.0.0:
  version "1.0.1"
  resolved "https://registry.yarnpkg.com/parse-listing/-/parse-listing-1.0.1.tgz#488ab3fa85b55bb1edfce6ddbb42b8fcd2555114"
  dependencies:
    async "~0.2.9"

pause-stream@0.0.11:
  version "0.0.11"
  resolved "https://registry.yarnpkg.com/pause-stream/-/pause-stream-0.0.11.tgz#fe5a34b0cbce12b5aa6a2b403ee2e73b602f1445"
  dependencies:
    through "~2.3"

sass-mq@^3.2.9:
  version "3.3.1"
  resolved "https://registry.yarnpkg.com/sass-mq/-/sass-mq-3.3.1.tgz#1199f5a43b549f5cbb67bc81f5f495ebf96250ce"

split@0.2:
  version "0.2.10"
  resolved "https://registry.yarnpkg.com/split/-/split-0.2.10.tgz#67097c601d697ce1368f418f06cd201cf0521a57"
  dependencies:
    through "2"

stream-combiner@~0.0.3:
  version "0.0.4"
  resolved "https://registry.yarnpkg.com/stream-combiner/-/stream-combiner-0.0.4.tgz#4d5e433c185261dde623ca3f44c586bcf5c4ad14"
  dependencies:
    duplexer "~0.1.1"

through@2, through@~2.3, through@~2.3.1:
  version "2.3.8"
  resolved "https://registry.yarnpkg.com/through/-/through-2.3.8.tgz#0dd4c9ffaabc357960b1b724115d7e0e86a2e1f5"

touch@^1.0.0:
  version "1.0.0"
  resolved "https://registry.yarnpkg.com/touch/-/touch-1.0.0.tgz#449cbe2dbae5a8c8038e30d71fa0ff464947c4de"
  dependencies:
    nopt "~1.0.10"
